
Microsoft Visual Studio Solution File, Format Version 12.00
# Visual Studio Version 17
VisualStudioVersion = 17.11.35219.272
MinimumVisualStudioVersion = 10.0.40219.1
Project("{FAE04EC0-301F-11D3-BF4B-00C04F79EFBC}") = "PingTool", "PingTool\PingTool.csproj", "{14AEC100-C58A-443D-A000-9CF27219EF88}"
EndProject
Global
	GlobalSection(SolutionConfigurationPlatforms) = preSolution
		Debug|Any CPU = Debug|Any CPU
		Release|Any CPU = Release|Any CPU
	EndGlobalSection
	GlobalSection(ProjectConfigurationPlatforms) = postSolution
		{14AEC100-C58A-443D-A000-9CF27219EF88}.Debug|Any CPU.ActiveCfg = Debug|Any CPU
		{14AEC100-C58A-443D-A000-9CF27219EF88}.Debug|Any CPU.Build.0 = Debug|Any CPU
		{14AEC100-C58A-443D-A000-9CF27219EF88}.Release|Any CPU.ActiveCfg = Release|Any CPU
		{14AEC100-C58A-443D-A000-9CF27219EF88}.Release|Any CPU.Build.0 = Release|Any CPU
	EndGlobalSection
	GlobalSection(SolutionProperties) = preSolution
		HideSolutionNode = FALSE
	EndGlobalSection
	GlobalSection(ExtensibilityGlobals) = postSolution
		SolutionGuid = {2A67E98E-253B-436A-8F58-BDD2CF72FAD2}
	EndGlobalSection
EndGlobal
